
Microsoft Visual Studio Solution File, Format Version 12.00
# Visual Studio Version 16
VisualStudioVersion = 16.0.30907.101
MinimumVisualStudioVersion = 10.0.40219.1
Project("{FAE04EC0-301F-11D3-BF4B-00C04F79EFBC}") = "Com.Cognizant.Moviecruiser.Dao", "Com.Cognizant.Moviecruiser.Dao\Com.Cognizant.Moviecruiser.Dao.csproj", "{A1AB4AB4-AD4E-4DAA-A3D7-300E9D271C90}"
EndProject
Global
	GlobalSection(SolutionConfigurationPlatforms) = preSolution
		Debug|Any CPU = Debug|Any CPU
		Release|Any CPU = Release|Any CPU
	EndGlobalSection
	GlobalSection(ProjectConfigurationPlatforms) = postSolution
		{A1AB4AB4-AD4E-4DAA-A3D7-300E9D271C90}.Debug|Any CPU.ActiveCfg = Debug|Any CPU
		{A1AB4AB4-AD4E-4DAA-A3D7-300E9D271C90}.Debug|Any CPU.Build.0 = Debug|Any CPU
		{A1AB4AB4-AD4E-4DAA-A3D7-300E9D271C90}.Release|Any CPU.ActiveCfg = Release|Any CPU
		{A1AB4AB4-AD4E-4DAA-A3D7-300E9D271C90}.Release|Any CPU.Build.0 = Release|Any CPU
	EndGlobalSection
	GlobalSection(SolutionProperties) = preSolution
		HideSolutionNode = FALSE
	EndGlobalSection
	GlobalSection(ExtensibilityGlobals) = postSolution
		SolutionGuid = {7F7EB532-1B14-4380-A41D-0EB0ECAC3DB7}
	EndGlobalSection
EndGlobal
