
Microsoft Visual Studio Solution File, Format Version 12.00
# Visual Studio Version 16
VisualStudioVersion = 16.0.30907.101
MinimumVisualStudioVersion = 10.0.40219.1
Project("{FAE04EC0-301F-11D3-BF4B-00C04F79EFBC}") = "Com.Cognizant.Moviecruiser.Model", "Com.Cognizant.Moviecruiser.Model\Com.Cognizant.Moviecruiser.Model.csproj", "{22D0CF7A-CD8B-4881-B9BE-71F47CD9A734}"
EndProject
Global
	GlobalSection(SolutionConfigurationPlatforms) = preSolution
		Debug|Any CPU = Debug|Any CPU
		Release|Any CPU = Release|Any CPU
	EndGlobalSection
	GlobalSection(ProjectConfigurationPlatforms) = postSolution
		{22D0CF7A-CD8B-4881-B9BE-71F47CD9A734}.Debug|Any CPU.ActiveCfg = Debug|Any CPU
		{22D0CF7A-CD8B-4881-B9BE-71F47CD9A734}.Debug|Any CPU.Build.0 = Debug|Any CPU
		{22D0CF7A-CD8B-4881-B9BE-71F47CD9A734}.Release|Any CPU.ActiveCfg = Release|Any CPU
		{22D0CF7A-CD8B-4881-B9BE-71F47CD9A734}.Release|Any CPU.Build.0 = Release|Any CPU
	EndGlobalSection
	GlobalSection(SolutionProperties) = preSolution
		HideSolutionNode = FALSE
	EndGlobalSection
	GlobalSection(ExtensibilityGlobals) = postSolution
		SolutionGuid = {196F882E-7738-46D7-914C-38069321DFFB}
	EndGlobalSection
EndGlobal
